// !$*UTF8*$!
{
	archiveVersion = 1;
	classes = {
	};
	objectVersion = 46;
	objects = {

/* Begin PBXBuildFile section */
		413549867FDC0B5D0A3D6C5A /* libPods-Kgag.a in Frameworks */ = {isa = PBXBuildFile; fileRef = A3130EFA9B82415BDBBC2A34 /* libPods-Kgag.a */; };
		846B96781BB9178100304088 /* KGURLConnectManager.m in Sources */ = {isa = PBXBuildFile; fileRef = 846B96771BB9178100304088 /* KGURLConnectManager.m */; };
		846B967B1BB929EB00304088 /* KGUserRequestManager.m in Sources */ = {isa = PBXBuildFile; fileRef = 846B967A1BB929EB00304088 /* KGUserRequestManager.m */; };
		846B967E1BB92A1800304088 /* KGAPIRequestManager.m in Sources */ = {isa = PBXBuildFile; fileRef = 846B967D1BB92A1800304088 /* KGAPIRequestManager.m */; };
		846BAD551BBA5A40005ADECE /* KGUser.m in Sources */ = {isa = PBXBuildFile; fileRef = 846BAD541BBA5A40005ADECE /* KGUser.m */; };
		84CA75F61BBE7995001737A9 /* KGRootViewController+TabBarTransition.m in Sources */ = {isa = PBXBuildFile; fileRef = 84CA75F51BBE7995001737A9 /* KGRootViewController+TabBarTransition.m */; };
		F7D8CF461BAD398D00228B06 /* main.m in Sources */ = {isa = PBXBuildFile; fileRef = F7D8CF451BAD398D00228B06 /* main.m */; };
		F7D8CF491BAD398D00228B06 /* AppDelegate.m in Sources */ = {isa = PBXBuildFile; fileRef = F7D8CF481BAD398D00228B06 /* AppDelegate.m */; };
		F7D8CF511BAD398D00228B06 /* Images.xcassets in Resources */ = {isa = PBXBuildFile; fileRef = F7D8CF501BAD398D00228B06 /* Images.xcassets */; };
		F7D8CF541BAD398D00228B06 /* LaunchScreen.xib in Resources */ = {isa = PBXBuildFile; fileRef = F7D8CF521BAD398D00228B06 /* LaunchScreen.xib */; };
		F7D8CF601BAD398D00228B06 /* KgagTests.m in Sources */ = {isa = PBXBuildFile; fileRef = F7D8CF5F1BAD398D00228B06 /* KgagTests.m */; };
		F7D8CF6C1BAD3AAB00228B06 /* KGRootViewController.m in Sources */ = {isa = PBXBuildFile; fileRef = F7D8CF6A1BAD3AAB00228B06 /* KGRootViewController.m */; };
		F7D8CF6D1BAD3AAB00228B06 /* KGRootViewController.xib in Resources */ = {isa = PBXBuildFile; fileRef = F7D8CF6B1BAD3AAB00228B06 /* KGRootViewController.xib */; };
		F7D8CF721BAD3D0100228B06 /* KGLoginViewController.m in Sources */ = {isa = PBXBuildFile; fileRef = F7D8CF701BAD3D0100228B06 /* KGLoginViewController.m */; };
		F7D8CF731BAD3D0100228B06 /* KGLoginViewController.xib in Resources */ = {isa = PBXBuildFile; fileRef = F7D8CF711BAD3D0100228B06 /* KGLoginViewController.xib */; };
		F7D8CF771BAD3D0F00228B06 /* KGRegisterViewController.m in Sources */ = {isa = PBXBuildFile; fileRef = F7D8CF751BAD3D0F00228B06 /* KGRegisterViewController.m */; };
		F7D8CF781BAD3D0F00228B06 /* KGRegisterViewController.xib in Resources */ = {isa = PBXBuildFile; fileRef = F7D8CF761BAD3D0F00228B06 /* KGRegisterViewController.xib */; };
/* End PBXBuildFile section */

/* Begin PBXContainerItemProxy section */
		F7D8CF5A1BAD398D00228B06 /* PBXContainerItemProxy */ = {
			isa = PBXContainerItemProxy;
			containerPortal = F7D8CF381BAD398C00228B06 /* Project object */;
			proxyType = 1;
			remoteGlobalIDString = F7D8CF3F1BAD398C00228B06;
			remoteInfo = Kgag;
		};
/* End PBXContainerItemProxy section */

/* Begin PBXFileReference section */
		1B3888681E75519C89AD0399 /* Pods-Kgag.release.xcconfig */ = {isa = PBXFileReference; includeInIndex = 1; lastKnownFileType = text.xcconfig; name = "Pods-Kgag.release.xcconfig"; path = "Pods/Target Support Files/Pods-Kgag/Pods-Kgag.release.xcconfig"; sourceTree = "<group>"; };
		846B96741BB9150200304088 /* KGURLPath.h */ = {isa = PBXFileReference; fileEncoding = 4; lastKnownFileType = sourcecode.c.h; path = KGURLPath.h; sourceTree = "<group>"; };
		846B96761BB9178100304088 /* KGURLConnectManager.h */ = {isa = PBXFileReference; fileEncoding = 4; lastKnownFileType = sourcecode.c.h; path = KGURLConnectManager.h; sourceTree = "<group>"; };
		846B96771BB9178100304088 /* KGURLConnectManager.m */ = {isa = PBXFileReference; fileEncoding = 4; lastKnownFileType = sourcecode.c.objc; path = KGURLConnectManager.m; sourceTree = "<group>"; };
		846B96791BB929EB00304088 /* KGUserRequestManager.h */ = {isa = PBXFileReference; fileEncoding = 4; lastKnownFileType = sourcecode.c.h; path = KGUserRequestManager.h; sourceTree = "<group>"; };
		846B967A1BB929EB00304088 /* KGUserRequestManager.m */ = {isa = PBXFileReference; fileEncoding = 4; lastKnownFileType = sourcecode.c.objc; path = KGUserRequestManager.m; sourceTree = "<group>"; };
		846B967C1BB92A1800304088 /* KGAPIRequestManager.h */ = {isa = PBXFileReference; fileEncoding = 4; lastKnownFileType = sourcecode.c.h; path = KGAPIRequestManager.h; sourceTree = "<group>"; };
		846B967D1BB92A1800304088 /* KGAPIRequestManager.m */ = {isa = PBXFileReference; fileEncoding = 4; lastKnownFileType = sourcecode.c.objc; path = KGAPIRequestManager.m; sourceTree = "<group>"; };
		846BAD531BBA5A40005ADECE /* KGUser.h */ = {isa = PBXFileReference; fileEncoding = 4; lastKnownFileType = sourcecode.c.h; path = KGUser.h; sourceTree = "<group>"; };
		846BAD541BBA5A40005ADECE /* KGUser.m */ = {isa = PBXFileReference; fileEncoding = 4; lastKnownFileType = sourcecode.c.objc; path = KGUser.m; sourceTree = "<group>"; };
		846BAD571BBA61B2005ADECE /* KGObjectKeys.h */ = {isa = PBXFileReference; fileEncoding = 4; lastKnownFileType = sourcecode.c.h; path = KGObjectKeys.h; sourceTree = "<group>"; };
		846BAD581BBA627B005ADECE /* KGPrefixHeader.pch */ = {isa = PBXFileReference; fileEncoding = 4; lastKnownFileType = sourcecode.c.h; path = KGPrefixHeader.pch; sourceTree = "<group>"; };
		84CA75F41BBE7995001737A9 /* KGRootViewController+TabBarTransition.h */ = {isa = PBXFileReference; fileEncoding = 4; lastKnownFileType = sourcecode.c.h; path = "KGRootViewController+TabBarTransition.h"; sourceTree = "<group>"; };
		84CA75F51BBE7995001737A9 /* KGRootViewController+TabBarTransition.m */ = {isa = PBXFileReference; fileEncoding = 4; lastKnownFileType = sourcecode.c.objc; path = "KGRootViewController+TabBarTransition.m"; sourceTree = "<group>"; };
		A3130EFA9B82415BDBBC2A34 /* libPods-Kgag.a */ = {isa = PBXFileReference; explicitFileType = archive.ar; includeInIndex = 0; path = "libPods-Kgag.a"; sourceTree = BUILT_PRODUCTS_DIR; };
		EB9B46BB958CC2D279DAF2CE /* Pods-Kgag.debug.xcconfig */ = {isa = PBXFileReference; includeInIndex = 1; lastKnownFileType = text.xcconfig; name = "Pods-Kgag.debug.xcconfig"; path = "Pods/Target Support Files/Pods-Kgag/Pods-Kgag.debug.xcconfig"; sourceTree = "<group>"; };
		F7D8CF401BAD398D00228B06 /* Kgag.app */ = {isa = PBXFileReference; explicitFileType = wrapper.application; includeInIndex = 0; path = Kgag.app; sourceTree = BUILT_PRODUCTS_DIR; };
		F7D8CF441BAD398D00228B06 /* Info.plist */ = {isa = PBXFileReference; lastKnownFileType = text.plist.xml; path = Info.plist; sourceTree = "<group>"; };
		F7D8CF451BAD398D00228B06 /* main.m */ = {isa = PBXFileReference; lastKnownFileType = sourcecode.c.objc; path = main.m; sourceTree = "<group>"; };
		F7D8CF471BAD398D00228B06 /* AppDelegate.h */ = {isa = PBXFileReference; lastKnownFileType = sourcecode.c.h; path = AppDelegate.h; sourceTree = "<group>"; };
		F7D8CF481BAD398D00228B06 /* AppDelegate.m */ = {isa = PBXFileReference; lastKnownFileType = sourcecode.c.objc; path = AppDelegate.m; sourceTree = "<group>"; };
		F7D8CF501BAD398D00228B06 /* Images.xcassets */ = {isa = PBXFileReference; lastKnownFileType = folder.assetcatalog; path = Images.xcassets; sourceTree = "<group>"; };
		F7D8CF531BAD398D00228B06 /* Base */ = {isa = PBXFileReference; lastKnownFileType = file.xib; name = Base; path = Base.lproj/LaunchScreen.xib; sourceTree = "<group>"; };
		F7D8CF591BAD398D00228B06 /* KgagTests.xctest */ = {isa = PBXFileReference; explicitFileType = wrapper.cfbundle; includeInIndex = 0; path = KgagTests.xctest; sourceTree = BUILT_PRODUCTS_DIR; };
		F7D8CF5E1BAD398D00228B06 /* Info.plist */ = {isa = PBXFileReference; lastKnownFileType = text.plist.xml; path = Info.plist; sourceTree = "<group>"; };
		F7D8CF5F1BAD398D00228B06 /* KgagTests.m */ = {isa = PBXFileReference; lastKnownFileType = sourcecode.c.objc; path = KgagTests.m; sourceTree = "<group>"; };
		F7D8CF691BAD3AAB00228B06 /* KGRootViewController.h */ = {isa = PBXFileReference; fileEncoding = 4; lastKnownFileType = sourcecode.c.h; path = KGRootViewController.h; sourceTree = "<group>"; };
		F7D8CF6A1BAD3AAB00228B06 /* KGRootViewController.m */ = {isa = PBXFileReference; fileEncoding = 4; lastKnownFileType = sourcecode.c.objc; path = KGRootViewController.m; sourceTree = "<group>"; };
		F7D8CF6B1BAD3AAB00228B06 /* KGRootViewController.xib */ = {isa = PBXFileReference; fileEncoding = 4; lastKnownFileType = file.xib; path = KGRootViewController.xib; sourceTree = "<group>"; };
		F7D8CF6F1BAD3D0100228B06 /* KGLoginViewController.h */ = {isa = PBXFileReference; fileEncoding = 4; lastKnownFileType = sourcecode.c.h; path = KGLoginViewController.h; sourceTree = "<group>"; };
		F7D8CF701BAD3D0100228B06 /* KGLoginViewController.m */ = {isa = PBXFileReference; fileEncoding = 4; lastKnownFileType = sourcecode.c.objc; path = KGLoginViewController.m; sourceTree = "<group>"; };
		F7D8CF711BAD3D0100228B06 /* KGLoginViewController.xib */ = {isa = PBXFileReference; fileEncoding = 4; lastKnownFileType = file.xib; path = KGLoginViewController.xib; sourceTree = "<group>"; };
		F7D8CF741BAD3D0F00228B06 /* KGRegisterViewController.h */ = {isa = PBXFileReference; fileEncoding = 4; lastKnownFileType = sourcecode.c.h; path = KGRegisterViewController.h; sourceTree = "<group>"; };
		F7D8CF751BAD3D0F00228B06 /* KGRegisterViewController.m */ = {isa = PBXFileReference; fileEncoding = 4; lastKnownFileType = sourcecode.c.objc; path = KGRegisterViewController.m; sourceTree = "<group>"; };
		F7D8CF761BAD3D0F00228B06 /* KGRegisterViewController.xib */ = {isa = PBXFileReference; fileEncoding = 4; lastKnownFileType = file.xib; path = KGRegisterViewController.xib; sourceTree = "<group>"; };
/* End PBXFileReference section */

/* Begin PBXFrameworksBuildPhase section */
		F7D8CF3D1BAD398C00228B06 /* Frameworks */ = {
			isa = PBXFrameworksBuildPhase;
			buildActionMask = 2147483647;
			files = (
				413549867FDC0B5D0A3D6C5A /* libPods-Kgag.a in Frameworks */,
			);
			runOnlyForDeploymentPostprocessing = 0;
		};
		F7D8CF561BAD398D00228B06 /* Frameworks */ = {
			isa = PBXFrameworksBuildPhase;
			buildActionMask = 2147483647;
			files = (
			);
			runOnlyForDeploymentPostprocessing = 0;
		};
/* End PBXFrameworksBuildPhase section */

/* Begin PBXGroup section */
		846B96751BB915BF00304088 /* Class */ = {
			isa = PBXGroup;
			children = (
				846BAD561BBA6192005ADECE /* Utilities */,
				846BAD521BBA5A0E005ADECE /* Managers */,
				846BAD511BBA5A06005ADECE /* Models */,
				846B967F1BB92B6C00304088 /* BaseRequestManager */,
				846B96741BB9150200304088 /* KGURLPath.h */,
				F7D8CF6E1BAD3CE400228B06 /* Register */,
				F7D8CF471BAD398D00228B06 /* AppDelegate.h */,
				F7D8CF481BAD398D00228B06 /* AppDelegate.m */,
				F7D8CF691BAD3AAB00228B06 /* KGRootViewController.h */,
				F7D8CF6A1BAD3AAB00228B06 /* KGRootViewController.m */,
				F7D8CF6B1BAD3AAB00228B06 /* KGRootViewController.xib */,
				846BAD581BBA627B005ADECE /* KGPrefixHeader.pch */,
				84CA75F41BBE7995001737A9 /* KGRootViewController+TabBarTransition.h */,
				84CA75F51BBE7995001737A9 /* KGRootViewController+TabBarTransition.m */,
			);
			name = Class;
			sourceTree = "<group>";
		};
		846B967F1BB92B6C00304088 /* BaseRequestManager */ = {
			isa = PBXGroup;
			children = (
				846B96761BB9178100304088 /* KGURLConnectManager.h */,
				846B96771BB9178100304088 /* KGURLConnectManager.m */,
				846B967C1BB92A1800304088 /* KGAPIRequestManager.h */,
				846B967D1BB92A1800304088 /* KGAPIRequestManager.m */,
			);
			name = BaseRequestManager;
			sourceTree = "<group>";
		};
		846BAD511BBA5A06005ADECE /* Models */ = {
			isa = PBXGroup;
			children = (
				846BAD531BBA5A40005ADECE /* KGUser.h */,
				846BAD541BBA5A40005ADECE /* KGUser.m */,
			);
			name = Models;
			sourceTree = "<group>";
		};
		846BAD521BBA5A0E005ADECE /* Managers */ = {
			isa = PBXGroup;
			children = (
				846B96791BB929EB00304088 /* KGUserRequestManager.h */,
				846B967A1BB929EB00304088 /* KGUserRequestManager.m */,
			);
			name = Managers;
			sourceTree = "<group>";
		};
		846BAD561BBA6192005ADECE /* Utilities */ = {
			isa = PBXGroup;
			children = (
				846BAD571BBA61B2005ADECE /* KGObjectKeys.h */,
			);
			name = Utilities;
			sourceTree = "<group>";
		};
		8D3178A74BC027C8605D4BF9 /* Pods */ = {
			isa = PBXGroup;
			children = (
				EB9B46BB958CC2D279DAF2CE /* Pods-Kgag.debug.xcconfig */,
				1B3888681E75519C89AD0399 /* Pods-Kgag.release.xcconfig */,
			);
			name = Pods;
			sourceTree = "<group>";
		};
		9699F8E05DA6C4BCAFAE5160 /* Frameworks */ = {
			isa = PBXGroup;
			children = (
				A3130EFA9B82415BDBBC2A34 /* libPods-Kgag.a */,
			);
			name = Frameworks;
			sourceTree = "<group>";
		};
		F7D8CF371BAD398C00228B06 = {
			isa = PBXGroup;
			children = (
				F7D8CF421BAD398D00228B06 /* Kgag */,
				F7D8CF5C1BAD398D00228B06 /* KgagTests */,
				F7D8CF411BAD398D00228B06 /* Products */,
				8D3178A74BC027C8605D4BF9 /* Pods */,
				9699F8E05DA6C4BCAFAE5160 /* Frameworks */,
			);
			sourceTree = "<group>";
		};
		F7D8CF411BAD398D00228B06 /* Products */ = {
			isa = PBXGroup;
			children = (
				F7D8CF401BAD398D00228B06 /* Kgag.app */,
				F7D8CF591BAD398D00228B06 /* KgagTests.xctest */,
			);
			name = Products;
			sourceTree = "<group>";
		};
		F7D8CF421BAD398D00228B06 /* Kgag */ = {
			isa = PBXGroup;
			children = (
				846B96751BB915BF00304088 /* Class */,
				F7D8CF501BAD398D00228B06 /* Images.xcassets */,
				F7D8CF521BAD398D00228B06 /* LaunchScreen.xib */,
				F7D8CF431BAD398D00228B06 /* Supporting Files */,
			);
			path = Kgag;
			sourceTree = "<group>";
		};
		F7D8CF431BAD398D00228B06 /* Supporting Files */ = {
			isa = PBXGroup;
			children = (
				F7D8CF441BAD398D00228B06 /* Info.plist */,
				F7D8CF451BAD398D00228B06 /* main.m */,
			);
			name = "Supporting Files";
			sourceTree = "<group>";
		};
		F7D8CF5C1BAD398D00228B06 /* KgagTests */ = {
			isa = PBXGroup;
			children = (
				F7D8CF5F1BAD398D00228B06 /* KgagTests.m */,
				F7D8CF5D1BAD398D00228B06 /* Supporting Files */,
			);
			path = KgagTests;
			sourceTree = "<group>";
		};
		F7D8CF5D1BAD398D00228B06 /* Supporting Files */ = {
			isa = PBXGroup;
			children = (
				F7D8CF5E1BAD398D00228B06 /* Info.plist */,
			);
			name = "Supporting Files";
			sourceTree = "<group>";
		};
		F7D8CF6E1BAD3CE400228B06 /* Register */ = {
			isa = PBXGroup;
			children = (
				F7D8CF6F1BAD3D0100228B06 /* KGLoginViewController.h */,
				F7D8CF701BAD3D0100228B06 /* KGLoginViewController.m */,
				F7D8CF711BAD3D0100228B06 /* KGLoginViewController.xib */,
				F7D8CF741BAD3D0F00228B06 /* KGRegisterViewController.h */,
				F7D8CF751BAD3D0F00228B06 /* KGRegisterViewController.m */,
				F7D8CF761BAD3D0F00228B06 /* KGRegisterViewController.xib */,
			);
			name = Register;
			sourceTree = "<group>";
		};
/* End PBXGroup section */

/* Begin PBXNativeTarget section */
		F7D8CF3F1BAD398C00228B06 /* Kgag */ = {
			isa = PBXNativeTarget;
			buildConfigurationList = F7D8CF631BAD398D00228B06 /* Build configuration list for PBXNativeTarget "Kgag" */;
			buildPhases = (
				06EE3469D7C044BB41BB8816 /* Check Pods Manifest.lock */,
				F7D8CF3C1BAD398C00228B06 /* Sources */,
				F7D8CF3D1BAD398C00228B06 /* Frameworks */,
				F7D8CF3E1BAD398C00228B06 /* Resources */,
				858C47582EE9C2D656EE4CAF /* Copy Pods Resources */,
			);
			buildRules = (
			);
			dependencies = (
			);
			name = Kgag;
			productName = Kgag;
			productReference = F7D8CF401BAD398D00228B06 /* Kgag.app */;
			productType = "com.apple.product-type.application";
		};
		F7D8CF581BAD398D00228B06 /* KgagTests */ = {
			isa = PBXNativeTarget;
			buildConfigurationList = F7D8CF661BAD398D00228B06 /* Build configuration list for PBXNativeTarget "KgagTests" */;
			buildPhases = (
				F7D8CF551BAD398D00228B06 /* Sources */,
				F7D8CF561BAD398D00228B06 /* Frameworks */,
				F7D8CF571BAD398D00228B06 /* Resources */,
			);
			buildRules = (
			);
			dependencies = (
				F7D8CF5B1BAD398D00228B06 /* PBXTargetDependency */,
			);
			name = KgagTests;
			productName = KgagTests;
			productReference = F7D8CF591BAD398D00228B06 /* KgagTests.xctest */;
			productType = "com.apple.product-type.bundle.unit-test";
		};
/* End PBXNativeTarget section */

/* Begin PBXProject section */
		F7D8CF381BAD398C00228B06 /* Project object */ = {
			isa = PBXProject;
			attributes = {
				LastUpgradeCheck = 0640;
				ORGANIZATIONNAME = "Lart Ace Ignacio";
				TargetAttributes = {
					F7D8CF3F1BAD398C00228B06 = {
						CreatedOnToolsVersion = 6.4;
					};
					F7D8CF581BAD398D00228B06 = {
						CreatedOnToolsVersion = 6.4;
						TestTargetID = F7D8CF3F1BAD398C00228B06;
					};
				};
			};
			buildConfigurationList = F7D8CF3B1BAD398C00228B06 /* Build configuration list for PBXProject "Kgag" */;
			compatibilityVersion = "Xcode 3.2";
			developmentRegion = English;
			hasScannedForEncodings = 0;
			knownRegions = (
				en,
				Base,
			);
			mainGroup = F7D8CF371BAD398C00228B06;
			productRefGroup = F7D8CF411BAD398D00228B06 /* Products */;
			projectDirPath = "";
			projectRoot = "";
			targets = (
				F7D8CF3F1BAD398C00228B06 /* Kgag */,
				F7D8CF581BAD398D00228B06 /* KgagTests */,
			);
		};
/* End PBXProject section */

/* Begin PBXResourcesBuildPhase section */
		F7D8CF3E1BAD398C00228B06 /* Resources */ = {
			isa = PBXResourcesBuildPhase;
			buildActionMask = 2147483647;
			files = (
				F7D8CF731BAD3D0100228B06 /* KGLoginViewController.xib in Resources */,
				F7D8CF541BAD398D00228B06 /* LaunchScreen.xib in Resources */,
				F7D8CF511BAD398D00228B06 /* Images.xcassets in Resources */,
				F7D8CF781BAD3D0F00228B06 /* KGRegisterViewController.xib in Resources */,
				F7D8CF6D1BAD3AAB00228B06 /* KGRootViewController.xib in Resources */,
			);
			runOnlyForDeploymentPostprocessing = 0;
		};
		F7D8CF571BAD398D00228B06 /* Resources */ = {
			isa = PBXResourcesBuildPhase;
			buildActionMask = 2147483647;
			files = (
			);
			runOnlyForDeploymentPostprocessing = 0;
		};
/* End PBXResourcesBuildPhase section */

/* Begin PBXShellScriptBuildPhase section */
		06EE3469D7C044BB41BB8816 /* Check Pods Manifest.lock */ = {
			isa = PBXShellScriptBuildPhase;
			buildActionMask = 2147483647;
			files = (
			);
			inputPaths = (
			);
			name = "Check Pods Manifest.lock";
			outputPaths = (
			);
			runOnlyForDeploymentPostprocessing = 0;
			shellPath = /bin/sh;
			shellScript = "diff \"${PODS_ROOT}/../Podfile.lock\" \"${PODS_ROOT}/Manifest.lock\" > /dev/null\nif [[ $? != 0 ]] ; then\n    cat << EOM\nerror: The sandbox is not in sync with the Podfile.lock. Run 'pod install' or update your CocoaPods installation.\nEOM\n    exit 1\nfi\n";
			showEnvVarsInLog = 0;
		};
		858C47582EE9C2D656EE4CAF /* Copy Pods Resources */ = {
			isa = PBXShellScriptBuildPhase;
			buildActionMask = 2147483647;
			files = (
			);
			inputPaths = (
			);
			name = "Copy Pods Resources";
			outputPaths = (
			);
			runOnlyForDeploymentPostprocessing = 0;
			shellPath = /bin/sh;
			shellScript = "\"${SRCROOT}/Pods/Target Support Files/Pods-Kgag/Pods-Kgag-resources.sh\"\n";
			showEnvVarsInLog = 0;
		};
/* End PBXShellScriptBuildPhase section */

/* Begin PBXSourcesBuildPhase section */
		F7D8CF3C1BAD398C00228B06 /* Sources */ = {
			isa = PBXSourcesBuildPhase;
			buildActionMask = 2147483647;
			files = (
				846B967E1BB92A1800304088 /* KGAPIRequestManager.m in Sources */,
				F7D8CF721BAD3D0100228B06 /* KGLoginViewController.m in Sources */,
				F7D8CF771BAD3D0F00228B06 /* KGRegisterViewController.m in Sources */,
				84CA75F61BBE7995001737A9 /* KGRootViewController+TabBarTransition.m in Sources */,
				F7D8CF6C1BAD3AAB00228B06 /* KGRootViewController.m in Sources */,
				F7D8CF491BAD398D00228B06 /* AppDelegate.m in Sources */,
				846B96781BB9178100304088 /* KGURLConnectManager.m in Sources */,
				F7D8CF461BAD398D00228B06 /* main.m in Sources */,
				846BAD551BBA5A40005ADECE /* KGUser.m in Sources */,
				846B967B1BB929EB00304088 /* KGUserRequestManager.m in Sources */,
			);
			runOnlyForDeploymentPostprocessing = 0;
		};
		F7D8CF551BAD398D00228B06 /* Sources */ = {
			isa = PBXSourcesBuildPhase;
			buildActionMask = 2147483647;
			files = (
				F7D8CF601BAD398D00228B06 /* KgagTests.m in Sources */,
			);
			runOnlyForDeploymentPostprocessing = 0;
		};
/* End PBXSourcesBuildPhase section */

/* Begin PBXTargetDependency section */
		F7D8CF5B1BAD398D00228B06 /* PBXTargetDependency */ = {
			isa = PBXTargetDependency;
			target = F7D8CF3F1BAD398C00228B06 /* Kgag */;
			targetProxy = F7D8CF5A1BAD398D00228B06 /* PBXContainerItemProxy */;
		};
/* End PBXTargetDependency section */

/* Begin PBXVariantGroup section */
		F7D8CF521BAD398D00228B06 /* LaunchScreen.xib */ = {
			isa = PBXVariantGroup;
			children = (
				F7D8CF531BAD398D00228B06 /* Base */,
			);
			name = LaunchScreen.xib;
			sourceTree = "<group>";
		};
/* End PBXVariantGroup section */

/* Begin XCBuildConfiguration section */
		F7D8CF611BAD398D00228B06 /* Debug */ = {
			isa = XCBuildConfiguration;
			buildSettings = {
				ALWAYS_SEARCH_USER_PATHS = NO;
				CLANG_CXX_LANGUAGE_STANDARD = "gnu++0x";
				CLANG_CXX_LIBRARY = "libc++";
				CLANG_ENABLE_MODULES = YES;
				CLANG_ENABLE_OBJC_ARC = YES;
				CLANG_WARN_BOOL_CONVERSION = YES;
				CLANG_WARN_CONSTANT_CONVERSION = YES;
				CLANG_WARN_DIRECT_OBJC_ISA_USAGE = YES_ERROR;
				CLANG_WARN_EMPTY_BODY = YES;
				CLANG_WARN_ENUM_CONVERSION = YES;
				CLANG_WARN_INT_CONVERSION = YES;
				CLANG_WARN_OBJC_ROOT_CLASS = YES_ERROR;
				CLANG_WARN_UNREACHABLE_CODE = YES;
				CLANG_WARN__DUPLICATE_METHOD_MATCH = YES;
				"CODE_SIGN_IDENTITY[sdk=iphoneos*]" = "iPhone Developer";
				COPY_PHASE_STRIP = NO;
				DEBUG_INFORMATION_FORMAT = "dwarf-with-dsym";
				ENABLE_STRICT_OBJC_MSGSEND = YES;
				GCC_C_LANGUAGE_STANDARD = gnu99;
				GCC_DYNAMIC_NO_PIC = NO;
				GCC_NO_COMMON_BLOCKS = YES;
				GCC_OPTIMIZATION_LEVEL = 0;
				GCC_PREPROCESSOR_DEFINITIONS = (
					"DEBUG=1",
					"$(inherited)",
				);
				GCC_SYMBOLS_PRIVATE_EXTERN = NO;
				GCC_WARN_64_TO_32_BIT_CONVERSION = YES;
				GCC_WARN_ABOUT_RETURN_TYPE = YES_ERROR;
				GCC_WARN_UNDECLARED_SELECTOR = YES;
				GCC_WARN_UNINITIALIZED_AUTOS = YES_AGGRESSIVE;
				GCC_WARN_UNUSED_FUNCTION = YES;
				GCC_WARN_UNUSED_VARIABLE = YES;
				IPHONEOS_DEPLOYMENT_TARGET = 8.4;
				MTL_ENABLE_DEBUG_INFO = YES;
				ONLY_ACTIVE_ARCH = YES;
				SDKROOT = iphoneos;
			};
			name = Debug;
		};
		F7D8CF621BAD398D00228B06 /* Release */ = {
			isa = XCBuildConfiguration;
			buildSettings = {
				ALWAYS_SEARCH_USER_PATHS = NO;
				CLANG_CXX_LANGUAGE_STANDARD = "gnu++0x";
				CLANG_CXX_LIBRARY = "libc++";
				CLANG_ENABLE_MODULES = YES;
				CLANG_ENABLE_OBJC_ARC = YES;
				CLANG_WARN_BOOL_CONVERSION = YES;
				CLANG_WARN_CONSTANT_CONVERSION = YES;
				CLANG_WARN_DIRECT_OBJC_ISA_USAGE = YES_ERROR;
				CLANG_WARN_EMPTY_BODY = YES;
				CLANG_WARN_ENUM_CONVERSION = YES;
				CLANG_WARN_INT_CONVERSION = YES;
				CLANG_WARN_OBJC_ROOT_CLASS = YES_ERROR;
				CLANG_WARN_UNREACHABLE_CODE = YES;
				CLANG_WARN__DUPLICATE_METHOD_MATCH = YES;
				"CODE_SIGN_IDENTITY[sdk=iphoneos*]" = "iPhone Developer";
				COPY_PHASE_STRIP = NO;
				DEBUG_INFORMATION_FORMAT = "dwarf-with-dsym";
				ENABLE_NS_ASSERTIONS = NO;
				ENABLE_STRICT_OBJC_MSGSEND = YES;
				GCC_C_LANGUAGE_STANDARD = gnu99;
				GCC_NO_COMMON_BLOCKS = YES;
				GCC_WARN_64_TO_32_BIT_CONVERSION = YES;
				GCC_WARN_ABOUT_RETURN_TYPE = YES_ERROR;
				GCC_WARN_UNDECLARED_SELECTOR = YES;
				GCC_WARN_UNINITIALIZED_AUTOS = YES_AGGRESSIVE;
				GCC_WARN_UNUSED_FUNCTION = YES;
				GCC_WARN_UNUSED_VARIABLE = YES;
				IPHONEOS_DEPLOYMENT_TARGET = 8.4;
				MTL_ENABLE_DEBUG_INFO = NO;
				SDKROOT = iphoneos;
				VALIDATE_PRODUCT = YES;
			};
			name = Release;
		};
		F7D8CF641BAD398D00228B06 /* Debug */ = {
			isa = XCBuildConfiguration;
			baseConfigurationReference = EB9B46BB958CC2D279DAF2CE /* Pods-Kgag.debug.xcconfig */;
			buildSettings = {
				ASSETCATALOG_COMPILER_APPICON_NAME = AppIcon;
				GCC_PRECOMPILE_PREFIX_HEADER = YES;
				GCC_PREFIX_HEADER = Kgag/KGPrefixHeader.pch;
				INFOPLIST_FILE = Kgag/Info.plist;
				LD_RUNPATH_SEARCH_PATHS = "$(inherited) @executable_path/Frameworks";
				PRODUCT_NAME = "$(TARGET_NAME)";
			};
			name = Debug;
		};
		F7D8CF651BAD398D00228B06 /* Release */ = {
			isa = XCBuildConfiguration;
			baseConfigurationReference = 1B3888681E75519C89AD0399 /* Pods-Kgag.release.xcconfig */;
			buildSettings = {
				ASSETCATALOG_COMPILER_APPICON_NAME = AppIcon;
				GCC_PRECOMPILE_PREFIX_HEADER = YES;
				GCC_PREFIX_HEADER = Kgag/KGPrefixHeader.pch;
				INFOPLIST_FILE = Kgag/Info.plist;
				LD_RUNPATH_SEARCH_PATHS = "$(inherited) @executable_path/Frameworks";
				PRODUCT_NAME = "$(TARGET_NAME)";
			};
			name = Release;
		};
		F7D8CF671BAD398D00228B06 /* Debug */ = {
			isa = XCBuildConfiguration;
			buildSettings = {
				BUNDLE_LOADER = "$(TEST_HOST)";
				FRAMEWORK_SEARCH_PATHS = (
					"$(SDKROOT)/Developer/Library/Frameworks",
					"$(inherited)",
				);
				GCC_PREPROCESSOR_DEFINITIONS = (
					"DEBUG=1",
					"$(inherited)",
				);
				INFOPLIST_FILE = KgagTests/Info.plist;
				LD_RUNPATH_SEARCH_PATHS = "$(inherited) @executable_path/Frameworks @loader_path/Frameworks";
				PRODUCT_NAME = "$(TARGET_NAME)";
				TEST_HOST = "$(BUILT_PRODUCTS_DIR)/Kgag.app/Kgag";
			};
			name = Debug;
		};
		F7D8CF681BAD398D00228B06 /* Release */ = {
			isa = XCBuildConfiguration;
			buildSettings = {
				BUNDLE_LOADER = "$(TEST_HOST)";
				FRAMEWORK_SEARCH_PATHS = (
					"$(SDKROOT)/Developer/Library/Frameworks",
					"$(inherited)",
				);
				INFOPLIST_FILE = KgagTests/Info.plist;
				LD_RUNPATH_SEARCH_PATHS = "$(inherited) @executable_path/Frameworks @loader_path/Frameworks";
				PRODUCT_NAME = "$(TARGET_NAME)";
				TEST_HOST = "$(BUILT_PRODUCTS_DIR)/Kgag.app/Kgag";
			};
			name = Release;
		};
/* End XCBuildConfiguration section */

/* Begin XCConfigurationList section */
		F7D8CF3B1BAD398C00228B06 /* Build configuration list for PBXProject "Kgag" */ = {
			isa = XCConfigurationList;
			buildConfigurations = (
				F7D8CF611BAD398D00228B06 /* Debug */,
				F7D8CF621BAD398D00228B06 /* Release */,
			);
			defaultConfigurationIsVisible = 0;
			defaultConfigurationName = Release;
		};
		F7D8CF631BAD398D00228B06 /* Build configuration list for PBXNativeTarget "Kgag" */ = {
			isa = XCConfigurationList;
			buildConfigurations = (
				F7D8CF641BAD398D00228B06 /* Debug */,
				F7D8CF651BAD398D00228B06 /* Release */,
			);
			defaultConfigurationIsVisible = 0;
			defaultConfigurationName = Release;
		};
		F7D8CF661BAD398D00228B06 /* Build configuration list for PBXNativeTarget "KgagTests" */ = {
			isa = XCConfigurationList;
			buildConfigurations = (
				F7D8CF671BAD398D00228B06 /* Debug */,
				F7D8CF681BAD398D00228B06 /* Release */,
			);
			defaultConfigurationIsVisible = 0;
			defaultConfigurationName = Release;
		};
/* End XCConfigurationList section */
	};
	rootObject = F7D8CF381BAD398C00228B06 /* Project object */;
}
